
Microsoft Visual Studio Solution File, Format Version 12.00
# Visual Studio 15
VisualStudioVersion = 15.0.27130.2027
MinimumVisualStudioVersion = 10.0.40219.1
Project("{9A19103F-16F7-4668-BE54-9A1E7A4F7556}") = "StampyVmssManagement", "StampyVmssManagement\StampyVmssManagement.csproj", "{B93B6C78-E65C-410C-812F-9E62AA25D1D6}"
EndProject
Project("{FAE04EC0-301F-11D3-BF4B-00C04F79EFBC}") = "StampyCommon", "StampyCommon\StampyCommon.csproj", "{C66B618A-45AB-48CD-9305-C7CFAF09E4BF}"
EndProject
Project("{9A19103F-16F7-4668-BE54-9A1E7A4F7556}") = "StampyWorker", "StampyWorker\StampyWorker.csproj", "{8D8C4E42-BA12-4894-9845-3C64664F79ED}"
EndProject
Global
	GlobalSection(SolutionConfigurationPlatforms) = preSolution
		Debug|Any CPU = Debug|Any CPU
		Release|Any CPU = Release|Any CPU
	EndGlobalSection
	GlobalSection(ProjectConfigurationPlatforms) = postSolution
		{B93B6C78-E65C-410C-812F-9E62AA25D1D6}.Debug|Any CPU.ActiveCfg = Debug|Any CPU
		{B93B6C78-E65C-410C-812F-9E62AA25D1D6}.Debug|Any CPU.Build.0 = Debug|Any CPU
		{B93B6C78-E65C-410C-812F-9E62AA25D1D6}.Release|Any CPU.ActiveCfg = Release|Any CPU
		{B93B6C78-E65C-410C-812F-9E62AA25D1D6}.Release|Any CPU.Build.0 = Release|Any CPU
		{C66B618A-45AB-48CD-9305-C7CFAF09E4BF}.Debug|Any CPU.ActiveCfg = Debug|Any CPU
		{C66B618A-45AB-48CD-9305-C7CFAF09E4BF}.Debug|Any CPU.Build.0 = Debug|Any CPU
		{C66B618A-45AB-48CD-9305-C7CFAF09E4BF}.Release|Any CPU.ActiveCfg = Release|Any CPU
		{C66B618A-45AB-48CD-9305-C7CFAF09E4BF}.Release|Any CPU.Build.0 = Release|Any CPU
		{8D8C4E42-BA12-4894-9845-3C64664F79ED}.Debug|Any CPU.ActiveCfg = Debug|Any CPU
		{8D8C4E42-BA12-4894-9845-3C64664F79ED}.Debug|Any CPU.Build.0 = Debug|Any CPU
		{8D8C4E42-BA12-4894-9845-3C64664F79ED}.Release|Any CPU.ActiveCfg = Release|Any CPU
		{8D8C4E42-BA12-4894-9845-3C64664F79ED}.Release|Any CPU.Build.0 = Release|Any CPU
	EndGlobalSection
	GlobalSection(SolutionProperties) = preSolution
		HideSolutionNode = FALSE
	EndGlobalSection
	GlobalSection(ExtensibilityGlobals) = postSolution
		SolutionGuid = {DB921230-D987-469A-9703-00EE639C9011}
	EndGlobalSection
EndGlobal
